
Microsoft Visual Studio Solution File, Format Version 12.00
# Visual Studio Version 17
VisualStudioVersion = 17.6.33829.357
MinimumVisualStudioVersion = 10.0.40219.1
Project("{FAE04EC0-301F-11D3-BF4B-00C04F79EFBC}") = "Calc", "Calc\Calc.csproj", "{D705B049-6346-4C95-9A21-50544786C66A}"
EndProject
Project("{9A19103F-16F7-4668-BE54-9A1E7A4F7556}") = "Model", "Model\Model.csproj", "{4EA0B683-DB7C-4180-9DC8-A1BC501485C4}"
EndProject
Project("{9A19103F-16F7-4668-BE54-9A1E7A4F7556}") = "Services", "Services\Services.csproj", "{270395E7-CF0D-44A5-B7F5-83B0561C97A4}"
EndProject
Global
	GlobalSection(SolutionConfigurationPlatforms) = preSolution
		Debug|Any CPU = Debug|Any CPU
		Release|Any CPU = Release|Any CPU
	EndGlobalSection
	GlobalSection(ProjectConfigurationPlatforms) = postSolution
		{D705B049-6346-4C95-9A21-50544786C66A}.Debug|Any CPU.ActiveCfg = Debug|Any CPU
		{D705B049-6346-4C95-9A21-50544786C66A}.Debug|Any CPU.Build.0 = Debug|Any CPU
		{D705B049-6346-4C95-9A21-50544786C66A}.Release|Any CPU.ActiveCfg = Release|Any CPU
		{D705B049-6346-4C95-9A21-50544786C66A}.Release|Any CPU.Build.0 = Release|Any CPU
		{4EA0B683-DB7C-4180-9DC8-A1BC501485C4}.Debug|Any CPU.ActiveCfg = Debug|Any CPU
		{4EA0B683-DB7C-4180-9DC8-A1BC501485C4}.Debug|Any CPU.Build.0 = Debug|Any CPU
		{4EA0B683-DB7C-4180-9DC8-A1BC501485C4}.Release|Any CPU.ActiveCfg = Release|Any CPU
		{4EA0B683-DB7C-4180-9DC8-A1BC501485C4}.Release|Any CPU.Build.0 = Release|Any CPU
		{270395E7-CF0D-44A5-B7F5-83B0561C97A4}.Debug|Any CPU.ActiveCfg = Debug|Any CPU
		{270395E7-CF0D-44A5-B7F5-83B0561C97A4}.Debug|Any CPU.Build.0 = Debug|Any CPU
		{270395E7-CF0D-44A5-B7F5-83B0561C97A4}.Release|Any CPU.ActiveCfg = Release|Any CPU
		{270395E7-CF0D-44A5-B7F5-83B0561C97A4}.Release|Any CPU.Build.0 = Release|Any CPU
	EndGlobalSection
	GlobalSection(SolutionProperties) = preSolution
		HideSolutionNode = FALSE
	EndGlobalSection
	GlobalSection(ExtensibilityGlobals) = postSolution
		SolutionGuid = {B69BBA65-0816-477A-A161-9AE6BD8BB803}
	EndGlobalSection
EndGlobal
